// !$*UTF8*$!
{
	archiveVersion = 1;
	classes = {
	};
	objectVersion = 77;
	objects = {

/* Begin PBXBuildFile section */
		1A7F324C4369AADDB983611F /* RoomTwinCore in Frameworks */ = {isa = PBXBuildFile; productRef = 30A99FA16E407DBF56FAD8E3 /* RoomTwinCore */; };
		66CC42B6D21D6AA34D6EA5B0 /* Scanner.swift in Sources */ = {isa = PBXBuildFile; fileRef = 04CCC08477BBD5A5A4819AC8 /* Scanner.swift */; };
		B9BAD4DE4B6BC854ADA16993 /* DigitalTwinsApp.swift in Sources */ = {isa = PBXBuildFile; fileRef = A801D23AC7BE121A99057338 /* DigitalTwinsApp.swift */; };
		E667AD4306B11E01655AC2D5 /* ReviewView.swift in Sources */ = {isa = PBXBuildFile; fileRef = 06E6C1FBEC94D77FA9585114 /* ReviewView.swift */; };
/* End PBXBuildFile section */

/* Begin PBXFileReference section */
		04CCC08477BBD5A5A4819AC8 /* Scanner.swift */ = {isa = PBXFileReference; lastKnownFileType = sourcecode.swift; path = Scanner.swift; sourceTree = "<group>"; };
		06E6C1FBEC94D77FA9585114 /* ReviewView.swift */ = {isa = PBXFileReference; lastKnownFileType = sourcecode.swift; path = ReviewView.swift; sourceTree = "<group>"; };
		73C64F3AA62957F023C941DE /* thesis */ = {isa = PBXFileReference; lastKnownFileType = folder; name = thesis; path = .; sourceTree = SOURCE_ROOT; };
		882445692D545912C77815E6 /* DigitalTwins.app */ = {isa = PBXFileReference; includeInIndex = 0; lastKnownFileType = wrapper.application; path = DigitalTwins.app; sourceTree = BUILT_PRODUCTS_DIR; };
		A801D23AC7BE121A99057338 /* DigitalTwinsApp.swift */ = {isa = PBXFileReference; lastKnownFileType = sourcecode.swift; path = DigitalTwinsApp.swift; sourceTree = "<group>"; };
/* End PBXFileReference section */

/* Begin PBXFrameworksBuildPhase section */
		06CB9183CCFDADE357A652A9 /* Frameworks */ = {
			isa = PBXFrameworksBuildPhase;
			buildActionMask = 2147483647;
			files = (
				1A7F324C4369AADDB983611F /* RoomTwinCore in Frameworks */,
			);
			runOnlyForDeploymentPostprocessing = 0;
		};
/* End PBXFrameworksBuildPhase section */

/* Begin PBXGroup section */
		091FD5FDAD743CA1E0AE3CA8 /* App */ = {
			isa = PBXGroup;
			children = (
				A801D23AC7BE121A99057338 /* DigitalTwinsApp.swift */,
				06E6C1FBEC94D77FA9585114 /* ReviewView.swift */,
				04CCC08477BBD5A5A4819AC8 /* Scanner.swift */,
			);
			name = App;
			path = Sources/App;
			sourceTree = "<group>";
		};
		859C2CF9171F48E5DF15DB2C = {
			isa = PBXGroup;
			children = (
				091FD5FDAD743CA1E0AE3CA8 /* App */,
				CC23580243FCC1374DABB984 /* Packages */,
				97B2A1A47CAFFBDEED05E5BF /* Products */,
			);
			sourceTree = "<group>";
		};
		97B2A1A47CAFFBDEED05E5BF /* Products */ = {
			isa = PBXGroup;
			children = (
				882445692D545912C77815E6 /* DigitalTwins.app */,
			);
			name = Products;
			sourceTree = "<group>";
		};
		CC23580243FCC1374DABB984 /* Packages */ = {
			isa = PBXGroup;
			children = (
				73C64F3AA62957F023C941DE /* thesis */,
			);
			name = Packages;
			sourceTree = "<group>";
		};
/* End PBXGroup section */

/* Begin PBXNativeTarget section */
		C9496C33B097CCC2251B9B34 /* DigitalTwins */ = {
			isa = PBXNativeTarget;
			buildConfigurationList = 2BE15D4E2AAA0247FC61BE18 /* Build configuration list for PBXNativeTarget "DigitalTwins" */;
			buildPhases = (
				402BD7615F4E81CFBFA8D8FC /* Sources */,
				06CB9183CCFDADE357A652A9 /* Frameworks */,
			);
			buildRules = (
			);
			dependencies = (
			);
			name = DigitalTwins;
			packageProductDependencies = (
				30A99FA16E407DBF56FAD8E3 /* RoomTwinCore */,
			);
			productName = DigitalTwins;
			productReference = 882445692D545912C77815E6 /* DigitalTwins.app */;
			productType = "com.apple.product-type.application";
		};
/* End PBXNativeTarget section */

/* Begin PBXProject section */
		4828E192B2F75D423EC5056A /* Project object */ = {
			isa = PBXProject;
			attributes = {
				BuildIndependentTargetsInParallel = YES;
				LastUpgradeCheck = 1430;
				TargetAttributes = {
					C9496C33B097CCC2251B9B34 = {
						DevelopmentTeam = "";
					};
				};
			};
			buildConfigurationList = 4EE7CA450C9D0C1C9A462865 /* Build configuration list for PBXProject "DigitalTwins" */;
			developmentRegion = en;
			hasScannedForEncodings = 0;
			knownRegions = (
				Base,
				en,
			);
			mainGroup = 859C2CF9171F48E5DF15DB2C;
			minimizedProjectReferenceProxies = 1;
			packageReferences = (
				2A8322F06A5360B55102C81D /* XCLocalSwiftPackageReference "." */,
			);
			preferredProjectObjectVersion = 77;
			productRefGroup = 97B2A1A47CAFFBDEED05E5BF /* Products */;
			projectDirPath = "";
			projectRoot = "";
			targets = (
				C9496C33B097CCC2251B9B34 /* DigitalTwins */,
			);
		};
/* End PBXProject section */

/* Begin PBXSourcesBuildPhase section */
		402BD7615F4E81CFBFA8D8FC /* Sources */ = {
			isa = PBXSourcesBuildPhase;
			buildActionMask = 2147483647;
			files = (
				B9BAD4DE4B6BC854ADA16993 /* DigitalTwinsApp.swift in Sources */,
				E667AD4306B11E01655AC2D5 /* ReviewView.swift in Sources */,
				66CC42B6D21D6AA34D6EA5B0 /* Scanner.swift in Sources */,
			);
			runOnlyForDeploymentPostprocessing = 0;
		};
/* End PBXSourcesBuildPhase section */

/* Begin XCBuildConfiguration section */
		5E960F5F6CE4B7B542EC75E3 /* Debug */ = {
			isa = XCBuildConfiguration;
			buildSettings = {
				ASSETCATALOG_COMPILER_APPICON_NAME = AppIcon;
				CODE_SIGN_IDENTITY = "iPhone Developer";
				GENERATE_INFOPLIST_FILE = YES;
				INFOPLIST_KEY_CFBundleDisplayName = "Digital Twins";
				INFOPLIST_KEY_NSCameraUsageDescription = "DigitalTwins uses the camera and LiDAR to create a 3D model of your room.";
				INFOPLIST_KEY_UIApplicationSceneManifest_Generation = YES;
				INFOPLIST_KEY_UILaunchScreen_Generation = YES;
				INFOPLIST_KEY_UISupportedInterfaceOrientations = UIInterfaceOrientationPortrait;
				LD_RUNPATH_SEARCH_PATHS = (
					"$(inherited)",
					"@executable_path/Frameworks",
				);
				PRODUCT_BUNDLE_IDENTIFIER = personal.ntua.DigitalTwins;
				SDKROOT = iphoneos;
				SUPPORTS_MACCATALYST = NO;
				TARGETED_DEVICE_FAMILY = 1;
			};
			name = Debug;
		};
		6F2228ABFB96DDA2214873C3 /* Release */ = {
			isa = XCBuildConfiguration;
			buildSettings = {
				ASSETCATALOG_COMPILER_APPICON_NAME = AppIcon;
				CODE_SIGN_IDENTITY = "iPhone Developer";
				GENERATE_INFOPLIST_FILE = YES;
				INFOPLIST_KEY_CFBundleDisplayName = "Digital Twins";
				INFOPLIST_KEY_NSCameraUsageDescription = "DigitalTwins uses the camera and LiDAR to create a 3D model of your room.";
				INFOPLIST_KEY_UIApplicationSceneManifest_Generation = YES;
				INFOPLIST_KEY_UILaunchScreen_Generation = YES;
				INFOPLIST_KEY_UISupportedInterfaceOrientations = UIInterfaceOrientationPortrait;
				LD_RUNPATH_SEARCH_PATHS = (
					"$(inherited)",
					"@executable_path/Frameworks",
				);
				PRODUCT_BUNDLE_IDENTIFIER = personal.ntua.DigitalTwins;
				SDKROOT = iphoneos;
				SUPPORTS_MACCATALYST = NO;
				TARGETED_DEVICE_FAMILY = 1;
			};
			name = Release;
		};
		94135AE5F75D44305A6A3AC3 /* Release */ = {
			isa = XCBuildConfiguration;
			buildSettings = {
				ALWAYS_SEARCH_USER_PATHS = NO;
				CLANG_ANALYZER_NONNULL = YES;
				CLANG_ANALYZER_NUMBER_OBJECT_CONVERSION = YES_AGGRESSIVE;
				CLANG_CXX_LANGUAGE_STANDARD = "gnu++14";
				CLANG_CXX_LIBRARY = "libc++";
				CLANG_ENABLE_MODULES = YES;
				CLANG_ENABLE_OBJC_ARC = YES;
				CLANG_ENABLE_OBJC_WEAK = YES;
				CLANG_WARN_BLOCK_CAPTURE_AUTORELEASING = YES;
				CLANG_WARN_BOOL_CONVERSION = YES;
				CLANG_WARN_COMMA = YES;
				CLANG_WARN_CONSTANT_CONVERSION = YES;
				CLANG_WARN_DEPRECATED_OBJC_IMPLEMENTATIONS = YES;
				CLANG_WARN_DIRECT_OBJC_ISA_USAGE = YES_ERROR;
				CLANG_WARN_DOCUMENTATION_COMMENTS = YES;
				CLANG_WARN_EMPTY_BODY = YES;
				CLANG_WARN_ENUM_CONVERSION = YES;
				CLANG_WARN_INFINITE_RECURSION = YES;
				CLANG_WARN_INT_CONVERSION = YES;
				CLANG_WARN_NON_LITERAL_NULL_CONVERSION = YES;
				CLANG_WARN_OBJC_IMPLICIT_RETAIN_SELF = YES;
				CLANG_WARN_OBJC_LITERAL_CONVERSION = YES;
				CLANG_WARN_OBJC_ROOT_CLASS = YES_ERROR;
				CLANG_WARN_QUOTED_INCLUDE_IN_FRAMEWORK_HEADER = YES;
				CLANG_WARN_RANGE_LOOP_ANALYSIS = YES;
				CLANG_WARN_STRICT_PROTOTYPES = YES;
				CLANG_WARN_SUSPICIOUS_MOVE = YES;
				CLANG_WARN_UNGUARDED_AVAILABILITY = YES_AGGRESSIVE;
				CLANG_WARN_UNREACHABLE_CODE = YES;
				CLANG_WARN__DUPLICATE_METHOD_MATCH = YES;
				COPY_PHASE_STRIP = NO;
				DEBUG_INFORMATION_FORMAT = "dwarf-with-dsym";
				DEVELOPMENT_TEAM = "";
				ENABLE_NS_ASSERTIONS = NO;
				ENABLE_STRICT_OBJC_MSGSEND = YES;
				GCC_C_LANGUAGE_STANDARD = gnu11;
				GCC_NO_COMMON_BLOCKS = YES;
				GCC_WARN_64_TO_32_BIT_CONVERSION = YES;
				GCC_WARN_ABOUT_RETURN_TYPE = YES_ERROR;
				GCC_WARN_UNDECLARED_SELECTOR = YES;
				GCC_WARN_UNINITIALIZED_AUTOS = YES_AGGRESSIVE;
				GCC_WARN_UNUSED_FUNCTION = YES;
				GCC_WARN_UNUSED_VARIABLE = YES;
				IPHONEOS_DEPLOYMENT_TARGET = 17.0;
				MTL_ENABLE_DEBUG_INFO = NO;
				MTL_FAST_MATH = YES;
				PRODUCT_NAME = "$(TARGET_NAME)";
				SDKROOT = iphoneos;
				SWIFT_COMPILATION_MODE = wholemodule;
				SWIFT_OPTIMIZATION_LEVEL = "-O";
				SWIFT_VERSION = 5.0;
			};
			name = Release;
		};
		E999319CBAF00B7F8BEA958D /* Debug */ = {
			isa = XCBuildConfiguration;
			buildSettings = {
				ALWAYS_SEARCH_USER_PATHS = NO;
				CLANG_ANALYZER_NONNULL = YES;
				CLANG_ANALYZER_NUMBER_OBJECT_CONVERSION = YES_AGGRESSIVE;
				CLANG_CXX_LANGUAGE_STANDARD = "gnu++14";
				CLANG_CXX_LIBRARY = "libc++";
				CLANG_ENABLE_MODULES = YES;
				CLANG_ENABLE_OBJC_ARC = YES;
				CLANG_ENABLE_OBJC_WEAK = YES;
				CLANG_WARN_BLOCK_CAPTURE_AUTORELEASING = YES;
				CLANG_WARN_BOOL_CONVERSION = YES;
				CLANG_WARN_COMMA = YES;
				CLANG_WARN_CONSTANT_CONVERSION = YES;
				CLANG_WARN_DEPRECATED_OBJC_IMPLEMENTATIONS = YES;
				CLANG_WARN_DIRECT_OBJC_ISA_USAGE = YES_ERROR;
				CLANG_WARN_DOCUMENTATION_COMMENTS = YES;
				CLANG_WARN_EMPTY_BODY = YES;
				CLANG_WARN_ENUM_CONVERSION = YES;
				CLANG_WARN_INFINITE_RECURSION = YES;
				CLANG_WARN_INT_CONVERSION = YES;
				CLANG_WARN_NON_LITERAL_NULL_CONVERSION = YES;
				CLANG_WARN_OBJC_IMPLICIT_RETAIN_SELF = YES;
				CLANG_WARN_OBJC_LITERAL_CONVERSION = YES;
				CLANG_WARN_OBJC_ROOT_CLASS = YES_ERROR;
				CLANG_WARN_QUOTED_INCLUDE_IN_FRAMEWORK_HEADER = YES;
				CLANG_WARN_RANGE_LOOP_ANALYSIS = YES;
				CLANG_WARN_STRICT_PROTOTYPES = YES;
				CLANG_WARN_SUSPICIOUS_MOVE = YES;
				CLANG_WARN_UNGUARDED_AVAILABILITY = YES_AGGRESSIVE;
				CLANG_WARN_UNREACHABLE_CODE = YES;
				CLANG_WARN__DUPLICATE_METHOD_MATCH = YES;
				COPY_PHASE_STRIP = NO;
				DEBUG_INFORMATION_FORMAT = dwarf;
				DEVELOPMENT_TEAM = "";
				ENABLE_STRICT_OBJC_MSGSEND = YES;
				ENABLE_TESTABILITY = YES;
				GCC_C_LANGUAGE_STANDARD = gnu11;
				GCC_DYNAMIC_NO_PIC = NO;
				GCC_NO_COMMON_BLOCKS = YES;
				GCC_OPTIMIZATION_LEVEL = 0;
				GCC_PREPROCESSOR_DEFINITIONS = (
					"$(inherited)",
					"DEBUG=1",
				);
				GCC_WARN_64_TO_32_BIT_CONVERSION = YES;
				GCC_WARN_ABOUT_RETURN_TYPE = YES_ERROR;
				GCC_WARN_UNDECLARED_SELECTOR = YES;
				GCC_WARN_UNINITIALIZED_AUTOS = YES_AGGRESSIVE;
				GCC_WARN_UNUSED_FUNCTION = YES;
				GCC_WARN_UNUSED_VARIABLE = YES;
				IPHONEOS_DEPLOYMENT_TARGET = 17.0;
				MTL_ENABLE_DEBUG_INFO = INCLUDE_SOURCE;
				MTL_FAST_MATH = YES;
				ONLY_ACTIVE_ARCH = YES;
				PRODUCT_NAME = "$(TARGET_NAME)";
				SDKROOT = iphoneos;
				SWIFT_ACTIVE_COMPILATION_CONDITIONS = DEBUG;
				SWIFT_OPTIMIZATION_LEVEL = "-Onone";
				SWIFT_VERSION = 5.0;
			};
			name = Debug;
		};
/* End XCBuildConfiguration section */

/* Begin XCConfigurationList section */
		2BE15D4E2AAA0247FC61BE18 /* Build configuration list for PBXNativeTarget "DigitalTwins" */ = {
			isa = XCConfigurationList;
			buildConfigurations = (
				5E960F5F6CE4B7B542EC75E3 /* Debug */,
				6F2228ABFB96DDA2214873C3 /* Release */,
			);
			defaultConfigurationIsVisible = 0;
			defaultConfigurationName = Debug;
		};
		4EE7CA450C9D0C1C9A462865 /* Build configuration list for PBXProject "DigitalTwins" */ = {
			isa = XCConfigurationList;
			buildConfigurations = (
				E999319CBAF00B7F8BEA958D /* Debug */,
				94135AE5F75D44305A6A3AC3 /* Release */,
			);
			defaultConfigurationIsVisible = 0;
			defaultConfigurationName = Debug;
		};
/* End XCConfigurationList section */

/* Begin XCLocalSwiftPackageReference section */
		2A8322F06A5360B55102C81D /* XCLocalSwiftPackageReference "." */ = {
			isa = XCLocalSwiftPackageReference;
			relativePath = .;
		};
/* End XCLocalSwiftPackageReference section */

/* Begin XCSwiftPackageProductDependency section */
		30A99FA16E407DBF56FAD8E3 /* RoomTwinCore */ = {
			isa = XCSwiftPackageProductDependency;
			productName = RoomTwinCore;
		};
/* End XCSwiftPackageProductDependency section */
	};
	rootObject = 4828E192B2F75D423EC5056A /* Project object */;
}
